{
  "name": "test-app",
  "version": "1.0.0",
  "lockfileVersion": 1,
  "requires": true,
  "dependencies": {
    "electron-simple-updater": {
      "version": "1.2.4",
      "resolved": "https://registry.npmjs.org/electron-simple-updater/-/electron-simple-updater-1.2.4.tgz",
      "integrity": "sha512-XYcqZbSrEfLsIOpcji0AyfbcoW9N3cwbxAiR4lR49oS/qdJwrZ+yHFBW1GAsjOlcVz+4sQw5vvYvNIt3x9oRQw==",
      "requires": {
        "httpreq": "0.4.24",
        "semver": "5.6.0"
      }
    },
    "httpreq": {
      "version": "0.4.24",
      "resolved": "https://registry.npmjs.org/httpreq/-/httpreq-0.4.24.tgz",
      "integrity": "sha1-QzX/2CzZaWaKOUZckprGHWOTYn8="
    },
    "semver": {
      "version": "5.6.0",
      "resolved": "https://registry.npmjs.org/semver/-/semver-5.6.0.tgz",
      "integrity": "sha512-RS9R6R35NYgQn++fkDWaOmqGoj4Ek9gGs+DPxNUZKuwE183xjJroKvyo1IzVFeXvUrvmALy6FWD5xrdJT25gMg=="
    }
  }
}
